// !$*UTF8*$!
{
	archiveVersion = 1;
	classes = {
	};
	objectVersion = 77;
	objects = {

/* Begin PBXContainerItemProxy section */
		3FD4829A2D6FBC8900CF8699 /* PBXContainerItemProxy */ = {
			isa = PBXContainerItemProxy;
			containerPortal = 3FD482782D6FBC8700CF8699 /* Project object */;
			proxyType = 1;
			remoteGlobalIDString = 3FD4827F2D6FBC8700CF8699;
			remoteInfo = TestPrueba;
		};
		3FD482A42D6FBC8900CF8699 /* PBXContainerItemProxy */ = {
			isa = PBXContainerItemProxy;
			containerPortal = 3FD482782D6FBC8700CF8699 /* Project object */;
			proxyType = 1;
			remoteGlobalIDString = 3FD4827F2D6FBC8700CF8699;
			remoteInfo = TestPrueba;
		};
/* End PBXContainerItemProxy section */

/* Begin PBXFileReference section */
		3FD482802D6FBC8700CF8699 /* TestPrueba.app */ = {isa = PBXFileReference; explicitFileType = wrapper.application; includeInIndex = 0; path = TestPrueba.app; sourceTree = BUILT_PRODUCTS_DIR; };
		3FD482992D6FBC8900CF8699 /* TestPruebaTests.xctest */ = {isa = PBXFileReference; explicitFileType = wrapper.cfbundle; includeInIndex = 0; path = TestPruebaTests.xctest; sourceTree = BUILT_PRODUCTS_DIR; };
		3FD482A32D6FBC8900CF8699 /* TestPruebaUITests.xctest */ = {isa = PBXFileReference; explicitFileType = wrapper.cfbundle; includeInIndex = 0; path = TestPruebaUITests.xctest; sourceTree = BUILT_PRODUCTS_DIR; };
/* End PBXFileReference section */

/* Begin PBXFileSystemSynchronizedBuildFileExceptionSet section */
		3FD482AB2D6FBC8900CF8699 /* Exceptions for "TestPrueba" folder in "TestPrueba" target */ = {
			isa = PBXFileSystemSynchronizedBuildFileExceptionSet;
			membershipExceptions = (
				Info.plist,
			);
			target = 3FD4827F2D6FBC8700CF8699 /* TestPrueba */;
		};
/* End PBXFileSystemSynchronizedBuildFileExceptionSet section */

/* Begin PBXFileSystemSynchronizedRootGroup section */
		3FD482822D6FBC8700CF8699 /* TestPrueba */ = {
			isa = PBXFileSystemSynchronizedRootGroup;
			exceptions = (
				3FD482AB2D6FBC8900CF8699 /* Exceptions for "TestPrueba" folder in "TestPrueba" target */,
			);
			path = TestPrueba;
			sourceTree = "<group>";
		};
		3FD4829C2D6FBC8900CF8699 /* TestPruebaTests */ = {
			isa = PBXFileSystemSynchronizedRootGroup;
			path = TestPruebaTests;
			sourceTree = "<group>";
		};
		3FD482A62D6FBC8900CF8699 /* TestPruebaUITests */ = {
			isa = PBXFileSystemSynchronizedRootGroup;
			path = TestPruebaUITests;
			sourceTree = "<group>";
		};
/* End PBXFileSystemSynchronizedRootGroup section */

/* Begin PBXFrameworksBuildPhase section */
		3FD4827D2D6FBC8700CF8699 /* Frameworks */ = {
			isa = PBXFrameworksBuildPhase;
			buildActionMask = 2147483647;
			files = (
			);
			runOnlyForDeploymentPostprocessing = 0;
		};
		3FD482962D6FBC8900CF8699 /* Frameworks */ = {
			isa = PBXFrameworksBuildPhase;
			buildActionMask = 2147483647;
			files = (
			);
			runOnlyForDeploymentPostprocessing = 0;
		};
		3FD482A02D6FBC8900CF8699 /* Frameworks */ = {
			isa = PBXFrameworksBuildPhase;
			buildActionMask = 2147483647;
			files = (
			);
			runOnlyForDeploymentPostprocessing = 0;
		};
/* End PBXFrameworksBuildPhase section */

/* Begin PBXGroup section */
		3FD482772D6FBC8700CF8699 = {
			isa = PBXGroup;
			children = (
				3FD482822D6FBC8700CF8699 /* TestPrueba */,
				3FD4829C2D6FBC8900CF8699 /* TestPruebaTests */,
				3FD482A62D6FBC8900CF8699 /* TestPruebaUITests */,
				3FD482812D6FBC8700CF8699 /* Products */,
			);
			sourceTree = "<group>";
		};
		3FD482812D6FBC8700CF8699 /* Products */ = {
			isa = PBXGroup;
			children = (
				3FD482802D6FBC8700CF8699 /* TestPrueba.app */,
				3FD482992D6FBC8900CF8699 /* TestPruebaTests.xctest */,
				3FD482A32D6FBC8900CF8699 /* TestPruebaUITests.xctest */,
			);
			name = Products;
			sourceTree = "<group>";
		};
/* End PBXGroup section */

/* Begin PBXNativeTarget section */
		3FD4827F2D6FBC8700CF8699 /* TestPrueba */ = {
			isa = PBXNativeTarget;
			buildConfigurationList = 3FD482AC2D6FBC8900CF8699 /* Build configuration list for PBXNativeTarget "TestPrueba" */;
			buildPhases = (
				3FD4827C2D6FBC8700CF8699 /* Sources */,
				3FD4827D2D6FBC8700CF8699 /* Frameworks */,
				3FD4827E2D6FBC8700CF8699 /* Resources */,
			);
			buildRules = (
			);
			dependencies = (
			);
			fileSystemSynchronizedGroups = (
				3FD482822D6FBC8700CF8699 /* TestPrueba */,
			);
			name = TestPrueba;
			packageProductDependencies = (
			);
			productName = TestPrueba;
			productReference = 3FD482802D6FBC8700CF8699 /* TestPrueba.app */;
			productType = "com.apple.product-type.application";
		};
		3FD482982D6FBC8900CF8699 /* TestPruebaTests */ = {
			isa = PBXNativeTarget;
			buildConfigurationList = 3FD482B12D6FBC8900CF8699 /* Build configuration list for PBXNativeTarget "TestPruebaTests" */;
			buildPhases = (
				3FD482952D6FBC8900CF8699 /* Sources */,
				3FD482962D6FBC8900CF8699 /* Frameworks */,
				3FD482972D6FBC8900CF8699 /* Resources */,
			);
			buildRules = (
			);
			dependencies = (
				3FD4829B2D6FBC8900CF8699 /* PBXTargetDependency */,
			);
			fileSystemSynchronizedGroups = (
				3FD4829C2D6FBC8900CF8699 /* TestPruebaTests */,
			);
			name = TestPruebaTests;
			packageProductDependencies = (
			);
			productName = TestPruebaTests;
			productReference = 3FD482992D6FBC8900CF8699 /* TestPruebaTests.xctest */;
			productType = "com.apple.product-type.bundle.unit-test";
		};
		3FD482A22D6FBC8900CF8699 /* TestPruebaUITests */ = {
			isa = PBXNativeTarget;
			buildConfigurationList = 3FD482B42D6FBC8900CF8699 /* Build configuration list for PBXNativeTarget "TestPruebaUITests" */;
			buildPhases = (
				3FD4829F2D6FBC8900CF8699 /* Sources */,
				3FD482A02D6FBC8900CF8699 /* Frameworks */,
				3FD482A12D6FBC8900CF8699 /* Resources */,
			);
			buildRules = (
			);
			dependencies = (
				3FD482A52D6FBC8900CF8699 /* PBXTargetDependency */,
			);
			fileSystemSynchronizedGroups = (
				3FD482A62D6FBC8900CF8699 /* TestPruebaUITests */,
			);
			name = TestPruebaUITests;
			packageProductDependencies = (
			);
			productName = TestPruebaUITests;
			productReference = 3FD482A32D6FBC8900CF8699 /* TestPruebaUITests.xctest */;
			productType = "com.apple.product-type.bundle.ui-testing";
		};
/* End PBXNativeTarget section */

/* Begin PBXProject section */
		3FD482782D6FBC8700CF8699 /* Project object */ = {
			isa = PBXProject;
			attributes = {
				BuildIndependentTargetsInParallel = 1;
				LastSwiftUpdateCheck = 1620;
				LastUpgradeCheck = 1620;
				TargetAttributes = {
					3FD4827F2D6FBC8700CF8699 = {
						CreatedOnToolsVersion = 16.2;
					};
					3FD482982D6FBC8900CF8699 = {
						CreatedOnToolsVersion = 16.2;
						TestTargetID = 3FD4827F2D6FBC8700CF8699;
					};
					3FD482A22D6FBC8900CF8699 = {
						CreatedOnToolsVersion = 16.2;
						TestTargetID = 3FD4827F2D6FBC8700CF8699;
					};
				};
			};
			buildConfigurationList = 3FD4827B2D6FBC8700CF8699 /* Build configuration list for PBXProject "TestPrueba" */;
			developmentRegion = en;
			hasScannedForEncodings = 0;
			knownRegions = (
				en,
				Base,
			);
			mainGroup = 3FD482772D6FBC8700CF8699;
			minimizedProjectReferenceProxies = 1;
			preferredProjectObjectVersion = 77;
			productRefGroup = 3FD482812D6FBC8700CF8699 /* Products */;
			projectDirPath = "";
			projectRoot = "";
			targets = (
				3FD4827F2D6FBC8700CF8699 /* TestPrueba */,
				3FD482982D6FBC8900CF8699 /* TestPruebaTests */,
				3FD482A22D6FBC8900CF8699 /* TestPruebaUITests */,
			);
		};
/* End PBXProject section */

/* Begin PBXResourcesBuildPhase section */
		3FD4827E2D6FBC8700CF8699 /* Resources */ = {
			isa = PBXResourcesBuildPhase;
			buildActionMask = 2147483647;
			files = (
			);
			runOnlyForDeploymentPostprocessing = 0;
		};
		3FD482972D6FBC8900CF8699 /* Resources */ = {
			isa = PBXResourcesBuildPhase;
			buildActionMask = 2147483647;
			files = (
			);
			runOnlyForDeploymentPostprocessing = 0;
		};
		3FD482A12D6FBC8900CF8699 /* Resources */ = {
			isa = PBXResourcesBuildPhase;
			buildActionMask = 2147483647;
			files = (
			);
			runOnlyForDeploymentPostprocessing = 0;
		};
/* End PBXResourcesBuildPhase section */

/* Begin PBXSourcesBuildPhase section */
		3FD4827C2D6FBC8700CF8699 /* Sources */ = {
			isa = PBXSourcesBuildPhase;
			buildActionMask = 2147483647;
			files = (
			);
			runOnlyForDeploymentPostprocessing = 0;
		};
		3FD482952D6FBC8900CF8699 /* Sources */ = {
			isa = PBXSourcesBuildPhase;
			buildActionMask = 2147483647;
			files = (
			);
			runOnlyForDeploymentPostprocessing = 0;
		};
		3FD4829F2D6FBC8900CF8699 /* Sources */ = {
			isa = PBXSourcesBuildPhase;
			buildActionMask = 2147483647;
			files = (
			);
			runOnlyForDeploymentPostprocessing = 0;
		};
/* End PBXSourcesBuildPhase section */

/* Begin PBXTargetDependency section */
		3FD4829B2D6FBC8900CF8699 /* PBXTargetDependency */ = {
			isa = PBXTargetDependency;
			target = 3FD4827F2D6FBC8700CF8699 /* TestPrueba */;
			targetProxy = 3FD4829A2D6FBC8900CF8699 /* PBXContainerItemProxy */;
		};
		3FD482A52D6FBC8900CF8699 /* PBXTargetDependency */ = {
			isa = PBXTargetDependency;
			target = 3FD4827F2D6FBC8700CF8699 /* TestPrueba */;
			targetProxy = 3FD482A42D6FBC8900CF8699 /* PBXContainerItemProxy */;
		};
/* End PBXTargetDependency section */

/* Begin XCBuildConfiguration section */
		3FD482AD2D6FBC8900CF8699 /* Debug */ = {
			isa = XCBuildConfiguration;
			buildSettings = {
				ASSETCATALOG_COMPILER_APPICON_NAME = AppIcon;
				ASSETCATALOG_COMPILER_GLOBAL_ACCENT_COLOR_NAME = AccentColor;
				CODE_SIGN_STYLE = Automatic;
				CURRENT_PROJECT_VERSION = 1;
				DEVELOPMENT_TEAM = DWGTX7683N;
				GENERATE_INFOPLIST_FILE = YES;
				INFOPLIST_FILE = TestPrueba/Info.plist;
				INFOPLIST_KEY_UIApplicationSupportsIndirectInputEvents = YES;
				INFOPLIST_KEY_UILaunchStoryboardName = LaunchScreen;
				INFOPLIST_KEY_UIMainStoryboardFile = Main;
				INFOPLIST_KEY_UISupportedInterfaceOrientations_iPad = "UIInterfaceOrientationPortrait UIInterfaceOrientationPortraitUpsideDown UIInterfaceOrientationLandscapeLeft UIInterfaceOrientationLandscapeRight";
				INFOPLIST_KEY_UISupportedInterfaceOrientations_iPhone = "UIInterfaceOrientationPortrait UIInterfaceOrientationLandscapeLeft UIInterfaceOrientationLandscapeRight";
				LD_RUNPATH_SEARCH_PATHS = (
					"$(inherited)",
					"@executable_path/Frameworks",
				);
				MARKETING_VERSION = 1.0;
				PRODUCT_BUNDLE_IDENTIFIER = test.TestPrueba;
				PRODUCT_NAME = "$(TARGET_NAME)";
				SWIFT_EMIT_LOC_STRINGS = YES;
				SWIFT_VERSION = 5.0;
				TARGETED_DEVICE_FAMILY = "1,2";
			};
			name = Debug;
		};
		3FD482AE2D6FBC8900CF8699 /* Release */ = {
			isa = XCBuildConfiguration;
			buildSettings = {
				ASSETCATALOG_COMPILER_APPICON_NAME = AppIcon;
				ASSETCATALOG_COMPILER_GLOBAL_ACCENT_COLOR_NAME = AccentColor;
				CODE_SIGN_STYLE = Automatic;
				CURRENT_PROJECT_VERSION = 1;
				DEVELOPMENT_TEAM = DWGTX7683N;
				GENERATE_INFOPLIST_FILE = YES;
				INFOPLIST_FILE = TestPrueba/Info.plist;
				INFOPLIST_KEY_UIApplicationSupportsIndirectInputEvents = YES;
				INFOPLIST_KEY_UILaunchStoryboardName = LaunchScreen;
				INFOPLIST_KEY_UIMainStoryboardFile = Main;
				INFOPLIST_KEY_UISupportedInterfaceOrientations_iPad = "UIInterfaceOrientationPortrait UIInterfaceOrientationPortraitUpsideDown UIInterfaceOrientationLandscapeLeft UIInterfaceOrientationLandscapeRight";
				INFOPLIST_KEY_UISupportedInterfaceOrientations_iPhone = "UIInterfaceOrientationPortrait UIInterfaceOrientationLandscapeLeft UIInterfaceOrientationLandscapeRight";
				LD_RUNPATH_SEARCH_PATHS = (
					"$(inherited)",
					"@executable_path/Frameworks",
				);
				MARKETING_VERSION = 1.0;
				PRODUCT_BUNDLE_IDENTIFIER = test.TestPrueba;
				PRODUCT_NAME = "$(TARGET_NAME)";
				SWIFT_EMIT_LOC_STRINGS = YES;
				SWIFT_VERSION = 5.0;
				TARGETED_DEVICE_FAMILY = "1,2";
			};
			name = Release;
		};
		3FD482AF2D6FBC8900CF8699 /* Debug */ = {
			isa = XCBuildConfiguration;
			buildSettings = {
				ALWAYS_SEARCH_USER_PATHS = NO;
				ASSETCATALOG_COMPILER_GENERATE_SWIFT_ASSET_SYMBOL_EXTENSIONS = YES;
				CLANG_ANALYZER_NONNULL = YES;
				CLANG_ANALYZER_NUMBER_OBJECT_CONVERSION = YES_AGGRESSIVE;
				CLANG_CXX_LANGUAGE_STANDARD = "gnu++20";
				CLANG_ENABLE_MODULES = YES;
				CLANG_ENABLE_OBJC_ARC = YES;
				CLANG_ENABLE_OBJC_WEAK = YES;
				CLANG_WARN_BLOCK_CAPTURE_AUTORELEASING = YES;
				CLANG_WARN_BOOL_CONVERSION = YES;
				CLANG_WARN_COMMA = YES;
				CLANG_WARN_CONSTANT_CONVERSION = YES;
				CLANG_WARN_DEPRECATED_OBJC_IMPLEMENTATIONS = YES;
				CLANG_WARN_DIRECT_OBJC_ISA_USAGE = YES_ERROR;
				CLANG_WARN_DOCUMENTATION_COMMENTS = YES;
				CLANG_WARN_EMPTY_BODY = YES;
				CLANG_WARN_ENUM_CONVERSION = YES;
				CLANG_WARN_INFINITE_RECURSION = YES;
				CLANG_WARN_INT_CONVERSION = YES;
				CLANG_WARN_NON_LITERAL_NULL_CONVERSION = YES;
				CLANG_WARN_OBJC_IMPLICIT_RETAIN_SELF = YES;
				CLANG_WARN_OBJC_LITERAL_CONVERSION = YES;
				CLANG_WARN_OBJC_ROOT_CLASS = YES_ERROR;
				CLANG_WARN_QUOTED_INCLUDE_IN_FRAMEWORK_HEADER = YES;
				CLANG_WARN_RANGE_LOOP_ANALYSIS = YES;
				CLANG_WARN_STRICT_PROTOTYPES = YES;
				CLANG_WARN_SUSPICIOUS_MOVE = YES;
				CLANG_WARN_UNGUARDED_AVAILABILITY = YES_AGGRESSIVE;
				CLANG_WARN_UNREACHABLE_CODE = YES;
				CLANG_WARN__DUPLICATE_METHOD_MATCH = YES;
				COPY_PHASE_STRIP = NO;
				DEBUG_INFORMATION_FORMAT = dwarf;
				ENABLE_STRICT_OBJC_MSGSEND = YES;
				ENABLE_TESTABILITY = YES;
				ENABLE_USER_SCRIPT_SANDBOXING = YES;
				GCC_C_LANGUAGE_STANDARD = gnu17;
				GCC_DYNAMIC_NO_PIC = NO;
				GCC_NO_COMMON_BLOCKS = YES;
				GCC_OPTIMIZATION_LEVEL = 0;
				GCC_PREPROCESSOR_DEFINITIONS = (
					"DEBUG=1",
					"$(inherited)",
				);
				GCC_WARN_64_TO_32_BIT_CONVERSION = YES;
				GCC_WARN_ABOUT_RETURN_TYPE = YES_ERROR;
				GCC_WARN_UNDECLARED_SELECTOR = YES;
				GCC_WARN_UNINITIALIZED_AUTOS = YES_AGGRESSIVE;
				GCC_WARN_UNUSED_FUNCTION = YES;
				GCC_WARN_UNUSED_VARIABLE = YES;
				IPHONEOS_DEPLOYMENT_TARGET = 18.2;
				LOCALIZATION_PREFERS_STRING_CATALOGS = YES;
				MTL_ENABLE_DEBUG_INFO = INCLUDE_SOURCE;
				MTL_FAST_MATH = YES;
				ONLY_ACTIVE_ARCH = YES;
				SDKROOT = iphoneos;
				SWIFT_ACTIVE_COMPILATION_CONDITIONS = "DEBUG $(inherited)";
				SWIFT_OPTIMIZATION_LEVEL = "-Onone";
			};
			name = Debug;
		};
		3FD482B02D6FBC8900CF8699 /* Release */ = {
			isa = XCBuildConfiguration;
			buildSettings = {
				ALWAYS_SEARCH_USER_PATHS = NO;
				ASSETCATALOG_COMPILER_GENERATE_SWIFT_ASSET_SYMBOL_EXTENSIONS = YES;
				CLANG_ANALYZER_NONNULL = YES;
				CLANG_ANALYZER_NUMBER_OBJECT_CONVERSION = YES_AGGRESSIVE;
				CLANG_CXX_LANGUAGE_STANDARD = "gnu++20";
				CLANG_ENABLE_MODULES = YES;
				CLANG_ENABLE_OBJC_ARC = YES;
				CLANG_ENABLE_OBJC_WEAK = YES;
				CLANG_WARN_BLOCK_CAPTURE_AUTORELEASING = YES;
				CLANG_WARN_BOOL_CONVERSION = YES;
				CLANG_WARN_COMMA = YES;
				CLANG_WARN_CONSTANT_CONVERSION = YES;
				CLANG_WARN_DEPRECATED_OBJC_IMPLEMENTATIONS = YES;
				CLANG_WARN_DIRECT_OBJC_ISA_USAGE = YES_ERROR;
				CLANG_WARN_DOCUMENTATION_COMMENTS = YES;
				CLANG_WARN_EMPTY_BODY = YES;
				CLANG_WARN_ENUM_CONVERSION = YES;
				CLANG_WARN_INFINITE_RECURSION = YES;
				CLANG_WARN_INT_CONVERSION = YES;
				CLANG_WARN_NON_LITERAL_NULL_CONVERSION = YES;
				CLANG_WARN_OBJC_IMPLICIT_RETAIN_SELF = YES;
				CLANG_WARN_OBJC_LITERAL_CONVERSION = YES;
				CLANG_WARN_OBJC_ROOT_CLASS = YES_ERROR;
				CLANG_WARN_QUOTED_INCLUDE_IN_FRAMEWORK_HEADER = YES;
				CLANG_WARN_RANGE_LOOP_ANALYSIS = YES;
				CLANG_WARN_STRICT_PROTOTYPES = YES;
				CLANG_WARN_SUSPICIOUS_MOVE = YES;
				CLANG_WARN_UNGUARDED_AVAILABILITY = YES_AGGRESSIVE;
				CLANG_WARN_UNREACHABLE_CODE = YES;
				CLANG_WARN__DUPLICATE_METHOD_MATCH = YES;
				COPY_PHASE_STRIP = NO;
				DEBUG_INFORMATION_FORMAT = "dwarf-with-dsym";
				ENABLE_NS_ASSERTIONS = NO;
				ENABLE_STRICT_OBJC_MSGSEND = YES;
				ENABLE_USER_SCRIPT_SANDBOXING = YES;
				GCC_C_LANGUAGE_STANDARD = gnu17;
				GCC_NO_COMMON_BLOCKS = YES;
				GCC_WARN_64_TO_32_BIT_CONVERSION = YES;
				GCC_WARN_ABOUT_RETURN_TYPE = YES_ERROR;
				GCC_WARN_UNDECLARED_SELECTOR = YES;
				GCC_WARN_UNINITIALIZED_AUTOS = YES_AGGRESSIVE;
				GCC_WARN_UNUSED_FUNCTION = YES;
				GCC_WARN_UNUSED_VARIABLE = YES;
				IPHONEOS_DEPLOYMENT_TARGET = 18.2;
				LOCALIZATION_PREFERS_STRING_CATALOGS = YES;
				MTL_ENABLE_DEBUG_INFO = NO;
				MTL_FAST_MATH = YES;
				SDKROOT = iphoneos;
				SWIFT_COMPILATION_MODE = wholemodule;
				VALIDATE_PRODUCT = YES;
			};
			name = Release;
		};
		3FD482B22D6FBC8900CF8699 /* Debug */ = {
			isa = XCBuildConfiguration;
			buildSettings = {
				BUNDLE_LOADER = "$(TEST_HOST)";
				CODE_SIGN_STYLE = Automatic;
				CURRENT_PROJECT_VERSION = 1;
				DEVELOPMENT_TEAM = DWGTX7683N;
				GENERATE_INFOPLIST_FILE = YES;
				IPHONEOS_DEPLOYMENT_TARGET = 18.2;
				MARKETING_VERSION = 1.0;
				PRODUCT_BUNDLE_IDENTIFIER = test.TestPruebaTests;
				PRODUCT_NAME = "$(TARGET_NAME)";
				SWIFT_EMIT_LOC_STRINGS = NO;
				SWIFT_VERSION = 5.0;
				TARGETED_DEVICE_FAMILY = "1,2";
				TEST_HOST = "$(BUILT_PRODUCTS_DIR)/TestPrueba.app/$(BUNDLE_EXECUTABLE_FOLDER_PATH)/TestPrueba";
			};
			name = Debug;
		};
		3FD482B32D6FBC8900CF8699 /* Release */ = {
			isa = XCBuildConfiguration;
			buildSettings = {
				BUNDLE_LOADER = "$(TEST_HOST)";
				CODE_SIGN_STYLE = Automatic;
				CURRENT_PROJECT_VERSION = 1;
				DEVELOPMENT_TEAM = DWGTX7683N;
				GENERATE_INFOPLIST_FILE = YES;
				IPHONEOS_DEPLOYMENT_TARGET = 18.2;
				MARKETING_VERSION = 1.0;
				PRODUCT_BUNDLE_IDENTIFIER = test.TestPruebaTests;
				PRODUCT_NAME = "$(TARGET_NAME)";
				SWIFT_EMIT_LOC_STRINGS = NO;
				SWIFT_VERSION = 5.0;
				TARGETED_DEVICE_FAMILY = "1,2";
				TEST_HOST = "$(BUILT_PRODUCTS_DIR)/TestPrueba.app/$(BUNDLE_EXECUTABLE_FOLDER_PATH)/TestPrueba";
			};
			name = Release;
		};
		3FD482B52D6FBC8900CF8699 /* Debug */ = {
			isa = XCBuildConfiguration;
			buildSettings = {
				CODE_SIGN_STYLE = Automatic;
				CURRENT_PROJECT_VERSION = 1;
				DEVELOPMENT_TEAM = DWGTX7683N;
				GENERATE_INFOPLIST_FILE = YES;
				MARKETING_VERSION = 1.0;
				PRODUCT_BUNDLE_IDENTIFIER = test.TestPruebaUITests;
				PRODUCT_NAME = "$(TARGET_NAME)";
				SWIFT_EMIT_LOC_STRINGS = NO;
				SWIFT_VERSION = 5.0;
				TARGETED_DEVICE_FAMILY = "1,2";
				TEST_TARGET_NAME = TestPrueba;
			};
			name = Debug;
		};
		3FD482B62D6FBC8900CF8699 /* Release */ = {
			isa = XCBuildConfiguration;
			buildSettings = {
				CODE_SIGN_STYLE = Automatic;
				CURRENT_PROJECT_VERSION = 1;
				DEVELOPMENT_TEAM = DWGTX7683N;
				GENERATE_INFOPLIST_FILE = YES;
				MARKETING_VERSION = 1.0;
				PRODUCT_BUNDLE_IDENTIFIER = test.TestPruebaUITests;
				PRODUCT_NAME = "$(TARGET_NAME)";
				SWIFT_EMIT_LOC_STRINGS = NO;
				SWIFT_VERSION = 5.0;
				TARGETED_DEVICE_FAMILY = "1,2";
				TEST_TARGET_NAME = TestPrueba;
			};
			name = Release;
		};
/* End XCBuildConfiguration section */

/* Begin XCConfigurationList section */
		3FD4827B2D6FBC8700CF8699 /* Build configuration list for PBXProject "TestPrueba" */ = {
			isa = XCConfigurationList;
			buildConfigurations = (
				3FD482AF2D6FBC8900CF8699 /* Debug */,
				3FD482B02D6FBC8900CF8699 /* Release */,
			);
			defaultConfigurationIsVisible = 0;
			defaultConfigurationName = Release;
		};
		3FD482AC2D6FBC8900CF8699 /* Build configuration list for PBXNativeTarget "TestPrueba" */ = {
			isa = XCConfigurationList;
			buildConfigurations = (
				3FD482AD2D6FBC8900CF8699 /* Debug */,
				3FD482AE2D6FBC8900CF8699 /* Release */,
			);
			defaultConfigurationIsVisible = 0;
			defaultConfigurationName = Release;
		};
		3FD482B12D6FBC8900CF8699 /* Build configuration list for PBXNativeTarget "TestPruebaTests" */ = {
			isa = XCConfigurationList;
			buildConfigurations = (
				3FD482B22D6FBC8900CF8699 /* Debug */,
				3FD482B32D6FBC8900CF8699 /* Release */,
			);
			defaultConfigurationIsVisible = 0;
			defaultConfigurationName = Release;
		};
		3FD482B42D6FBC8900CF8699 /* Build configuration list for PBXNativeTarget "TestPruebaUITests" */ = {
			isa = XCConfigurationList;
			buildConfigurations = (
				3FD482B52D6FBC8900CF8699 /* Debug */,
				3FD482B62D6FBC8900CF8699 /* Release */,
			);
			defaultConfigurationIsVisible = 0;
			defaultConfigurationName = Release;
		};
/* End XCConfigurationList section */
	};
	rootObject = 3FD482782D6FBC8700CF8699 /* Project object */;
}
